
Microsoft Visual Studio Solution File, Format Version 12.00
# Visual Studio Version 17
VisualStudioVersion = 17.9.34616.47
MinimumVisualStudioVersion = 10.0.40219.1
Project("{FAE04EC0-301F-11D3-BF4B-00C04F79EFBC}") = "Home7_csharp", "Home7_csharp.csproj", "{26B4976C-D286-4983-A87B-CF5F9C3395D8}"
EndProject
Global
	GlobalSection(SolutionConfigurationPlatforms) = preSolution
		Debug|Any CPU = Debug|Any CPU
		Release|Any CPU = Release|Any CPU
	EndGlobalSection
	GlobalSection(ProjectConfigurationPlatforms) = postSolution
		{26B4976C-D286-4983-A87B-CF5F9C3395D8}.Debug|Any CPU.ActiveCfg = Debug|Any CPU
		{26B4976C-D286-4983-A87B-CF5F9C3395D8}.Debug|Any CPU.Build.0 = Debug|Any CPU
		{26B4976C-D286-4983-A87B-CF5F9C3395D8}.Release|Any CPU.ActiveCfg = Release|Any CPU
		{26B4976C-D286-4983-A87B-CF5F9C3395D8}.Release|Any CPU.Build.0 = Release|Any CPU
	EndGlobalSection
	GlobalSection(SolutionProperties) = preSolution
		HideSolutionNode = FALSE
	EndGlobalSection
	GlobalSection(ExtensibilityGlobals) = postSolution
		SolutionGuid = {9F7CAA74-4D16-40EB-B119-F22346AF2E05}
	EndGlobalSection
EndGlobal
